# THIS IS AN AUTOGENERATED FILE. DO NOT EDIT THIS FILE DIRECTLY.
# yarn lockfile v1


burrido@^1.0.8:
  version "1.0.8"
  resolved "https://registry.yarnpkg.com/burrido/-/burrido-1.0.8.tgz#b29684a5486ab3301149147983c006933847f324"
  dependencies:
    immutagen "^1.0.0"

immutagen@^1.0.0:
  version "1.0.8"
  resolved "https://registry.yarnpkg.com/immutagen/-/immutagen-1.0.8.tgz#efc32eccab30a833496de43a4ea7aa4353e1097a"

typescript@^3.3.0-dev.20190112:
  version "3.3.0-dev.20190112"
  resolved "https://registry.yarnpkg.com/typescript/-/typescript-3.3.0-dev.20190112.tgz#7d0485527d10db1acbfbc6f87bcd8541ec71c32f"
  integrity sha512-aEfjOBzSPfd/sxQwEz6y+xl8+bYmGb2zl+sGIoJUNaKV+xk/Cf4bWtTlHcP/sTBRDQoE4iCT2gZZBmxfe3hWyg==
